
Microsoft Visual Studio Solution File, Format Version 12.00
# Visual Studio Version 17
VisualStudioVersion = 17.0.32126.317
MinimumVisualStudioVersion = 10.0.40219.1
Project("{FAE04EC0-301F-11D3-BF4B-00C04F79EFBC}") = "Rozetka.API", "Rozetka.API\Rozetka.API.csproj", "{C086F2EE-3E53-4613-A84E-A4E53455EF56}"
EndProject
Global
	GlobalSection(SolutionConfigurationPlatforms) = preSolution
		Debug|Any CPU = Debug|Any CPU
		Release|Any CPU = Release|Any CPU
	EndGlobalSection
	GlobalSection(ProjectConfigurationPlatforms) = postSolution
		{C086F2EE-3E53-4613-A84E-A4E53455EF56}.Debug|Any CPU.ActiveCfg = Debug|Any CPU
		{C086F2EE-3E53-4613-A84E-A4E53455EF56}.Debug|Any CPU.Build.0 = Debug|Any CPU
		{C086F2EE-3E53-4613-A84E-A4E53455EF56}.Release|Any CPU.ActiveCfg = Release|Any CPU
		{C086F2EE-3E53-4613-A84E-A4E53455EF56}.Release|Any CPU.Build.0 = Release|Any CPU
	EndGlobalSection
	GlobalSection(SolutionProperties) = preSolution
		HideSolutionNode = FALSE
	EndGlobalSection
	GlobalSection(ExtensibilityGlobals) = postSolution
		SolutionGuid = {827C1582-D9BA-4F55-94A1-25CC11DD4C21}
	EndGlobalSection
EndGlobal
